
Microsoft Visual Studio Solution File, Format Version 12.00
# Visual Studio 14
VisualStudioVersion = 14.0.24720.0
MinimumVisualStudioVersion = 10.0.40219.1
Project("{FAE04EC0-301F-11D3-BF4B-00C04F79EFBC}") = "BrunnerExercise", "BrunnerExercise\BrunnerExercise.csproj", "{138BCD85-2A90-4D3B-B864-9CB3C5B33484}"
EndProject
Project("{FAE04EC0-301F-11D3-BF4B-00C04F79EFBC}") = "ShippingChartUnitTest", "ShippingChartUnitTest\ShippingChartUnitTest.csproj", "{E6511238-FF01-4E2F-93E5-62021D09DEC8}"
EndProject
Global
	GlobalSection(SolutionConfigurationPlatforms) = preSolution
		Debug|Any CPU = Debug|Any CPU
		Release|Any CPU = Release|Any CPU
	EndGlobalSection
	GlobalSection(ProjectConfigurationPlatforms) = postSolution
		{138BCD85-2A90-4D3B-B864-9CB3C5B33484}.Debug|Any CPU.ActiveCfg = Debug|Any CPU
		{138BCD85-2A90-4D3B-B864-9CB3C5B33484}.Debug|Any CPU.Build.0 = Debug|Any CPU
		{138BCD85-2A90-4D3B-B864-9CB3C5B33484}.Release|Any CPU.ActiveCfg = Release|Any CPU
		{138BCD85-2A90-4D3B-B864-9CB3C5B33484}.Release|Any CPU.Build.0 = Release|Any CPU
		{E6511238-FF01-4E2F-93E5-62021D09DEC8}.Debug|Any CPU.ActiveCfg = Debug|Any CPU
		{E6511238-FF01-4E2F-93E5-62021D09DEC8}.Debug|Any CPU.Build.0 = Debug|Any CPU
		{E6511238-FF01-4E2F-93E5-62021D09DEC8}.Release|Any CPU.ActiveCfg = Release|Any CPU
		{E6511238-FF01-4E2F-93E5-62021D09DEC8}.Release|Any CPU.Build.0 = Release|Any CPU
	EndGlobalSection
	GlobalSection(SolutionProperties) = preSolution
		HideSolutionNode = FALSE
	EndGlobalSection
EndGlobal
